
Microsoft Visual Studio Solution File, Format Version 12.00
# Visual Studio 15
VisualStudioVersion = 15.0.27130.2010
MinimumVisualStudioVersion = 10.0.40219.1
Project("{FAE04EC0-301F-11D3-BF4B-00C04F79EFBC}") = "Rocket.Libraries.Emailing", "Rocket.Libraries.Emailing\Rocket.Libraries.Emailing.csproj", "{6C9612B9-BF9E-4838-B45B-A25BB768982C}"
EndProject
Global
	GlobalSection(SolutionConfigurationPlatforms) = preSolution
		Debug|Any CPU = Debug|Any CPU
		Release|Any CPU = Release|Any CPU
	EndGlobalSection
	GlobalSection(ProjectConfigurationPlatforms) = postSolution
		{6C9612B9-BF9E-4838-B45B-A25BB768982C}.Debug|Any CPU.ActiveCfg = Debug|Any CPU
		{6C9612B9-BF9E-4838-B45B-A25BB768982C}.Debug|Any CPU.Build.0 = Debug|Any CPU
		{6C9612B9-BF9E-4838-B45B-A25BB768982C}.Release|Any CPU.ActiveCfg = Release|Any CPU
		{6C9612B9-BF9E-4838-B45B-A25BB768982C}.Release|Any CPU.Build.0 = Release|Any CPU
	EndGlobalSection
	GlobalSection(SolutionProperties) = preSolution
		HideSolutionNode = FALSE
	EndGlobalSection
	GlobalSection(ExtensibilityGlobals) = postSolution
		SolutionGuid = {BE9BBF76-C7F7-4AF5-8514-F7F981E765F9}
	EndGlobalSection
EndGlobal
